
Microsoft Visual Studio Solution File, Format Version 12.00
# Visual Studio 15
VisualStudioVersion = 15.0.28307.852
MinimumVisualStudioVersion = 10.0.40219.1
Project("{8BC9CEB8-8B4A-11D0-8D11-00A0C91BC942}") = "CppProject", "CppProject\CppProject.vcxproj", "{4F2A19CC-50D8-4F90-A117-4BDABBDB8379}"
EndProject
Project("{8BC9CEB8-8B4A-11D0-8D11-00A0C91BC942}") = "MathLib", "MathLib\MathLib.vcxproj", "{7D7CCB6D-20E6-41A0-A96E-5DFBE386B96E}"
EndProject
Project("{8BC9CEB8-8B4A-11D0-8D11-00A0C91BC942}") = "MathClient", "MathClient\MathClient.vcxproj", "{478A6E11-FF7E-45BC-9AA9-550D925BCC79}"
EndProject
Project("{8BC9CEB8-8B4A-11D0-8D11-00A0C91BC942}") = "GetDLL", "GetDLL\GetDLL.vcxproj", "{77C8E2BC-52FE-477F-85B3-24255E5A45B1}"
EndProject
Global
	GlobalSection(SolutionConfigurationPlatforms) = preSolution
		Debug|x64 = Debug|x64
		Debug|x86 = Debug|x86
		Release|x64 = Release|x64
		Release|x86 = Release|x86
	EndGlobalSection
	GlobalSection(ProjectConfigurationPlatforms) = postSolution
		{4F2A19CC-50D8-4F90-A117-4BDABBDB8379}.Debug|x64.ActiveCfg = Debug|x64
		{4F2A19CC-50D8-4F90-A117-4BDABBDB8379}.Debug|x64.Build.0 = Debug|x64
		{4F2A19CC-50D8-4F90-A117-4BDABBDB8379}.Debug|x86.ActiveCfg = Debug|Win32
		{4F2A19CC-50D8-4F90-A117-4BDABBDB8379}.Debug|x86.Build.0 = Debug|Win32
		{4F2A19CC-50D8-4F90-A117-4BDABBDB8379}.Release|x64.ActiveCfg = Release|x64
		{4F2A19CC-50D8-4F90-A117-4BDABBDB8379}.Release|x64.Build.0 = Release|x64
		{4F2A19CC-50D8-4F90-A117-4BDABBDB8379}.Release|x86.ActiveCfg = Release|Win32
		{4F2A19CC-50D8-4F90-A117-4BDABBDB8379}.Release|x86.Build.0 = Release|Win32
		{7D7CCB6D-20E6-41A0-A96E-5DFBE386B96E}.Debug|x64.ActiveCfg = Debug|x64
		{7D7CCB6D-20E6-41A0-A96E-5DFBE386B96E}.Debug|x64.Build.0 = Debug|x64
		{7D7CCB6D-20E6-41A0-A96E-5DFBE386B96E}.Debug|x86.ActiveCfg = Debug|Win32
		{7D7CCB6D-20E6-41A0-A96E-5DFBE386B96E}.Debug|x86.Build.0 = Debug|Win32
		{7D7CCB6D-20E6-41A0-A96E-5DFBE386B96E}.Release|x64.ActiveCfg = Release|x64
		{7D7CCB6D-20E6-41A0-A96E-5DFBE386B96E}.Release|x64.Build.0 = Release|x64
		{7D7CCB6D-20E6-41A0-A96E-5DFBE386B96E}.Release|x86.ActiveCfg = Release|Win32
		{7D7CCB6D-20E6-41A0-A96E-5DFBE386B96E}.Release|x86.Build.0 = Release|Win32
		{478A6E11-FF7E-45BC-9AA9-550D925BCC79}.Debug|x64.ActiveCfg = Debug|x64
		{478A6E11-FF7E-45BC-9AA9-550D925BCC79}.Debug|x64.Build.0 = Debug|x64
		{478A6E11-FF7E-45BC-9AA9-550D925BCC79}.Debug|x86.ActiveCfg = Debug|Win32
		{478A6E11-FF7E-45BC-9AA9-550D925BCC79}.Debug|x86.Build.0 = Debug|Win32
		{478A6E11-FF7E-45BC-9AA9-550D925BCC79}.Release|x64.ActiveCfg = Release|x64
		{478A6E11-FF7E-45BC-9AA9-550D925BCC79}.Release|x64.Build.0 = Release|x64
		{478A6E11-FF7E-45BC-9AA9-550D925BCC79}.Release|x86.ActiveCfg = Release|Win32
		{478A6E11-FF7E-45BC-9AA9-550D925BCC79}.Release|x86.Build.0 = Release|Win32
		{77C8E2BC-52FE-477F-85B3-24255E5A45B1}.Debug|x64.ActiveCfg = Debug|x64
		{77C8E2BC-52FE-477F-85B3-24255E5A45B1}.Debug|x64.Build.0 = Debug|x64
		{77C8E2BC-52FE-477F-85B3-24255E5A45B1}.Debug|x86.ActiveCfg = Debug|Win32
		{77C8E2BC-52FE-477F-85B3-24255E5A45B1}.Debug|x86.Build.0 = Debug|Win32
		{77C8E2BC-52FE-477F-85B3-24255E5A45B1}.Release|x64.ActiveCfg = Release|x64
		{77C8E2BC-52FE-477F-85B3-24255E5A45B1}.Release|x64.Build.0 = Release|x64
		{77C8E2BC-52FE-477F-85B3-24255E5A45B1}.Release|x86.ActiveCfg = Release|Win32
		{77C8E2BC-52FE-477F-85B3-24255E5A45B1}.Release|x86.Build.0 = Release|Win32
	EndGlobalSection
	GlobalSection(SolutionProperties) = preSolution
		HideSolutionNode = FALSE
	EndGlobalSection
	GlobalSection(ExtensibilityGlobals) = postSolution
		SolutionGuid = {25D5CADA-622C-49E2-8BBA-C11286864365}
	EndGlobalSection
EndGlobal
